{
    "hash": "a7f4067289cb53ef6cdc635e6e01ddc7",
    "packages": [
        {
            "package": "doctrine/common",
            "version": "dev-master",
            "source-reference": "f8e2aadf388ab1e6b36263a73d5e314c477f96c7"
        },
        {
            "package": "doctrine/common",
            "version": "dev-master",
            "source-reference": "f8e2aadf388ab1e6b36263a73d5e314c477f96c7",
            "alias-pretty-version": "2.3.x-dev",
            "alias-version": "2.3.9999999.9999999-dev"
        },
        {
            "package": "pimple/pimple",
            "version": "dev-master",
            "source-reference": "v1.0.0",
            "alias-pretty-version": "1.0.x-dev",
            "alias-version": "1.0.9999999.9999999-dev"
        },
        {
            "package": "pimple/pimple",
            "version": "dev-master",
            "source-reference": "v1.0.0"
        },
        {
            "package": "symfony/symfony",
            "version": "dev-master",
            "source-reference": "ff4d446c5e93c3261853d8e0da7fd0e146e3d1c0",
            "alias-pretty-version": "2.1.x-dev",
            "alias-version": "2.1.9999999.9999999-dev"
        },
        {
            "package": "symfony/symfony",
            "version": "dev-master",
            "source-reference": "ff4d446c5e93c3261853d8e0da7fd0e146e3d1c0"
        },
        {
            "package": "twig/twig",
            "version": "dev-master",
            "source-reference": "573a36097146b319e5fb36546a0377c7440bbfe3"
        },
        {
            "package": "twig/twig",
            "version": "dev-master",
            "source-reference": "573a36097146b319e5fb36546a0377c7440bbfe3",
            "alias-pretty-version": "1.8.x-dev",
            "alias-version": "1.8.9999999.9999999-dev"
        }
    ],
    "packages-dev": null,
    "aliases": [

    ],
    "minimum-stability": "dev",
    "stability-flags": [

    ]
}
